
Microsoft Visual Studio Solution File, Format Version 12.00
# Visual Studio 15
VisualStudioVersion = 15.0.27703.2035
MinimumVisualStudioVersion = 10.0.40219.1
Project("{9A19103F-16F7-4668-BE54-9A1E7A4F7556}") = "RMS.TrainingSpa", "RMS.TrainingSpa\RMS.TrainingSpa.csproj", "{4F9A2EA6-8175-48AD-B923-00EE9097CD6E}"
EndProject
Project("{9A19103F-16F7-4668-BE54-9A1E7A4F7556}") = "TrainingApi", "TrainingApi\TrainingApi.csproj", "{46DAB295-713F-45CE-B9D1-0F2D339742EA}"
EndProject
Project("{FAE04EC0-301F-11D3-BF4B-00C04F79EFBC}") = "TrainingApi.Tests", "TrainingApi.Tests\TrainingApi.Tests.csproj", "{CCD20D31-7496-4670-B625-B342FDFEB310}"
EndProject
Global
	GlobalSection(SolutionConfigurationPlatforms) = preSolution
		Debug|Any CPU = Debug|Any CPU
		Release|Any CPU = Release|Any CPU
	EndGlobalSection
	GlobalSection(ProjectConfigurationPlatforms) = postSolution
		{4F9A2EA6-8175-48AD-B923-00EE9097CD6E}.Debug|Any CPU.ActiveCfg = Debug|Any CPU
		{4F9A2EA6-8175-48AD-B923-00EE9097CD6E}.Debug|Any CPU.Build.0 = Debug|Any CPU
		{4F9A2EA6-8175-48AD-B923-00EE9097CD6E}.Release|Any CPU.ActiveCfg = Release|Any CPU
		{4F9A2EA6-8175-48AD-B923-00EE9097CD6E}.Release|Any CPU.Build.0 = Release|Any CPU
		{46DAB295-713F-45CE-B9D1-0F2D339742EA}.Debug|Any CPU.ActiveCfg = Debug|Any CPU
		{46DAB295-713F-45CE-B9D1-0F2D339742EA}.Debug|Any CPU.Build.0 = Debug|Any CPU
		{46DAB295-713F-45CE-B9D1-0F2D339742EA}.Release|Any CPU.ActiveCfg = Release|Any CPU
		{46DAB295-713F-45CE-B9D1-0F2D339742EA}.Release|Any CPU.Build.0 = Release|Any CPU
		{CCD20D31-7496-4670-B625-B342FDFEB310}.Debug|Any CPU.ActiveCfg = Debug|Any CPU
		{CCD20D31-7496-4670-B625-B342FDFEB310}.Debug|Any CPU.Build.0 = Debug|Any CPU
		{CCD20D31-7496-4670-B625-B342FDFEB310}.Release|Any CPU.ActiveCfg = Release|Any CPU
		{CCD20D31-7496-4670-B625-B342FDFEB310}.Release|Any CPU.Build.0 = Release|Any CPU
	EndGlobalSection
	GlobalSection(SolutionProperties) = preSolution
		HideSolutionNode = FALSE
	EndGlobalSection
	GlobalSection(ExtensibilityGlobals) = postSolution
		SolutionGuid = {4C34DAD5-A76B-4F7D-98B6-1D1E64A671D4}
	EndGlobalSection
EndGlobal
